
Microsoft Visual Studio Solution File, Format Version 12.00
# Visual Studio Version 17
VisualStudioVersion = 17.13.35919.96 d17.13
MinimumVisualStudioVersion = 10.0.40219.1
Project("{FAE04EC0-301F-11D3-BF4B-00C04F79EFBC}") = "Hilleroed Sejlklub Library", "Hilleroed Sejlklub Library\Hilleroed Sejlklub Library.csproj", "{70F0A954-5693-42CB-9FE0-7889206AEFC3}"
EndProject
Global
	GlobalSection(SolutionConfigurationPlatforms) = preSolution
		Debug|Any CPU = Debug|Any CPU
		Release|Any CPU = Release|Any CPU
	EndGlobalSection
	GlobalSection(ProjectConfigurationPlatforms) = postSolution
		{70F0A954-5693-42CB-9FE0-7889206AEFC3}.Debug|Any CPU.ActiveCfg = Debug|Any CPU
		{70F0A954-5693-42CB-9FE0-7889206AEFC3}.Debug|Any CPU.Build.0 = Debug|Any CPU
		{70F0A954-5693-42CB-9FE0-7889206AEFC3}.Release|Any CPU.ActiveCfg = Release|Any CPU
		{70F0A954-5693-42CB-9FE0-7889206AEFC3}.Release|Any CPU.Build.0 = Release|Any CPU
	EndGlobalSection
	GlobalSection(SolutionProperties) = preSolution
		HideSolutionNode = FALSE
	EndGlobalSection
	GlobalSection(ExtensibilityGlobals) = postSolution
		SolutionGuid = {C967878D-4AAE-47C8-A2AE-F416234D5395}
	EndGlobalSection
EndGlobal
